// !$*UTF8*$!
{
	archiveVersion = 1;
	classes = {
	};
	objectVersion = 50;
	objects = {

/* Begin PBXBuildFile section */
		8D77A27425F2ABCB002D2922 /* Helper.swift in Sources */ = {isa = PBXBuildFile; fileRef = 8D77A27325F2ABCB002D2922 /* Helper.swift */; };
		8DD2211825CDD8F3008E1DE2 /* GameController.swift in Sources */ = {isa = PBXBuildFile; fileRef = 8DD2211725CDD8F3008E1DE2 /* GameController.swift */; };
		B4B772CF0AD0157A4FC42B4A /* Queen_Test.swift in Sources */ = {isa = PBXBuildFile; fileRef = B4B7797686C496910C017A2C /* Queen_Test.swift */; };
		F455194D25926B18001290DC /* Knight_Test.swift in Sources */ = {isa = PBXBuildFile; fileRef = F455194C25926B18001290DC /* Knight_Test.swift */; };
		F47D887925E9716F00B81DE2 /* Player.swift in Sources */ = {isa = PBXBuildFile; fileRef = F47D887825E9716F00B81DE2 /* Player.swift */; };
		F48CDF87260E63F200A7CEEA /* HodResult.swift in Sources */ = {isa = PBXBuildFile; fileRef = F48CDF86260E63F200A7CEEA /* HodResult.swift */; };
		F4C4EECF25FBED1300DF54DE /* PawnBlack_Test.swift in Sources */ = {isa = PBXBuildFile; fileRef = F4C4EECE25FBED1300DF54DE /* PawnBlack_Test.swift */; };
		F4CDF0D9264C449A004F3BA2 /* BoardData.swift in Sources */ = {isa = PBXBuildFile; fileRef = F4CDF0D8264C449A004F3BA2 /* BoardData.swift */; };
		F4CDF0E126543250004F3BA2 /*  Ai.swift in Sources */ = {isa = PBXBuildFile; fileRef = F4CDF0E026543250004F3BA2 /*  Ai.swift */; };
		F4D07319257AAD8A006A9ACB /* Real_ChessApp.swift in Sources */ = {isa = PBXBuildFile; fileRef = F4D07318257AAD8A006A9ACB /* Real_ChessApp.swift */; };
		F4D0731B257AAD8A006A9ACB /* ContentView.swift in Sources */ = {isa = PBXBuildFile; fileRef = F4D0731A257AAD8A006A9ACB /* ContentView.swift */; };
		F4D0731D257AAD8C006A9ACB /* Assets.xcassets in Resources */ = {isa = PBXBuildFile; fileRef = F4D0731C257AAD8C006A9ACB /* Assets.xcassets */; };
		F4D07320257AAD8C006A9ACB /* Preview Assets.xcassets in Resources */ = {isa = PBXBuildFile; fileRef = F4D0731F257AAD8C006A9ACB /* Preview Assets.xcassets */; };
		F4D07329257AAE46006A9ACB /* PlayerColor.swift in Sources */ = {isa = PBXBuildFile; fileRef = F4D07328257AAE46006A9ACB /* PlayerColor.swift */; };
		F4D0732C257AAE7A006A9ACB /* Letter.swift in Sources */ = {isa = PBXBuildFile; fileRef = F4D0732B257AAE7A006A9ACB /* Letter.swift */; };
		F4D0732F257AAF21006A9ACB /* Pawn.swift in Sources */ = {isa = PBXBuildFile; fileRef = F4D0732E257AAF21006A9ACB /* Pawn.swift */; };
		F4D07333257AAF70006A9ACB /* Point.swift in Sources */ = {isa = PBXBuildFile; fileRef = F4D07332257AAF70006A9ACB /* Point.swift */; };
		F4D07336257AAFB3006A9ACB /* Figure.swift in Sources */ = {isa = PBXBuildFile; fileRef = F4D07335257AAFB3006A9ACB /* Figure.swift */; };
		F4D0733A257AB017006A9ACB /* King.swift in Sources */ = {isa = PBXBuildFile; fileRef = F4D07339257AB017006A9ACB /* King.swift */; };
		F4D0733D257AB031006A9ACB /* Queen.swift in Sources */ = {isa = PBXBuildFile; fileRef = F4D0733C257AB031006A9ACB /* Queen.swift */; };
		F4D07340257AB049006A9ACB /* Bishop.swift in Sources */ = {isa = PBXBuildFile; fileRef = F4D0733F257AB049006A9ACB /* Bishop.swift */; };
		F4D07343257AB05C006A9ACB /* Knight.swift in Sources */ = {isa = PBXBuildFile; fileRef = F4D07342257AB05C006A9ACB /* Knight.swift */; };
		F4D07346257AB079006A9ACB /* Tower.swift in Sources */ = {isa = PBXBuildFile; fileRef = F4D07345257AB079006A9ACB /* Tower.swift */; };
		F4D07349257AB09D006A9ACB /* BoardController.swift in Sources */ = {isa = PBXBuildFile; fileRef = F4D07348257AB09D006A9ACB /* BoardController.swift */; };
		F4D07352257AB124006A9ACB /* Real_ChessTests.swift in Sources */ = {isa = PBXBuildFile; fileRef = F4D07351257AB124006A9ACB /* Real_ChessTests.swift */; };
		F4D0735C257AB16A006A9ACB /* PawnWhite_Test.swift in Sources */ = {isa = PBXBuildFile; fileRef = F4D0735B257AB16A006A9ACB /* PawnWhite_Test.swift */; };
		F4D07362257AB8C8006A9ACB /* King_Test.swift in Sources */ = {isa = PBXBuildFile; fileRef = F4D07361257AB8C8006A9ACB /* King_Test.swift */; };
		F4D07366257ABA4F006A9ACB /* temporaryh.swift in Sources */ = {isa = PBXBuildFile; fileRef = F4D07365257ABA4F006A9ACB /* temporaryh.swift */; };
		F4D0736A257ABEC5006A9ACB /* Tower_Test.swift in Sources */ = {isa = PBXBuildFile; fileRef = F4D07369257ABEC5006A9ACB /* Tower_Test.swift */; };
		F4D07370257AC04E006A9ACB /* Board_Test.swift in Sources */ = {isa = PBXBuildFile; fileRef = F4D0736F257AC04E006A9ACB /* Board_Test.swift */; };
		F4D07374257FF5D3006A9ACB /* Bishop_Test.swift in Sources */ = {isa = PBXBuildFile; fileRef = F4D07373257FF5D3006A9ACB /* Bishop_Test.swift */; };
/* End PBXBuildFile section */

/* Begin PBXContainerItemProxy section */
		F4D07354257AB124006A9ACB /* PBXContainerItemProxy */ = {
			isa = PBXContainerItemProxy;
			containerPortal = F4D0730D257AAD8A006A9ACB /* Project object */;
			proxyType = 1;
			remoteGlobalIDString = F4D07314257AAD8A006A9ACB;
			remoteInfo = Real_Chess;
		};
/* End PBXContainerItemProxy section */

/* Begin PBXFileReference section */
		8D77A27325F2ABCB002D2922 /* Helper.swift */ = {isa = PBXFileReference; lastKnownFileType = sourcecode.swift; path = Helper.swift; sourceTree = "<group>"; };
		8DD2211725CDD8F3008E1DE2 /* GameController.swift */ = {isa = PBXFileReference; lastKnownFileType = sourcecode.swift; path = GameController.swift; sourceTree = "<group>"; };
		B4B7797686C496910C017A2C /* Queen_Test.swift */ = {isa = PBXFileReference; fileEncoding = 4; lastKnownFileType = sourcecode.swift; path = Queen_Test.swift; sourceTree = "<group>"; };
		F455194C25926B18001290DC /* Knight_Test.swift */ = {isa = PBXFileReference; lastKnownFileType = sourcecode.swift; path = Knight_Test.swift; sourceTree = "<group>"; };
		F47D887825E9716F00B81DE2 /* Player.swift */ = {isa = PBXFileReference; lastKnownFileType = sourcecode.swift; path = Player.swift; sourceTree = "<group>"; };
		F48CDF86260E63F200A7CEEA /* HodResult.swift */ = {isa = PBXFileReference; lastKnownFileType = sourcecode.swift; path = HodResult.swift; sourceTree = "<group>"; };
		F4C4EECE25FBED1300DF54DE /* PawnBlack_Test.swift */ = {isa = PBXFileReference; lastKnownFileType = sourcecode.swift; path = PawnBlack_Test.swift; sourceTree = "<group>"; };
		F4CDF0D8264C449A004F3BA2 /* BoardData.swift */ = {isa = PBXFileReference; lastKnownFileType = sourcecode.swift; path = BoardData.swift; sourceTree = "<group>"; };
		F4CDF0E026543250004F3BA2 /*  Ai.swift */ = {isa = PBXFileReference; lastKnownFileType = sourcecode.swift; path = " Ai.swift"; sourceTree = "<group>"; };
		F4D07315257AAD8A006A9ACB /* Real_Chess.app */ = {isa = PBXFileReference; explicitFileType = wrapper.application; includeInIndex = 0; path = Real_Chess.app; sourceTree = BUILT_PRODUCTS_DIR; };
		F4D07318257AAD8A006A9ACB /* Real_ChessApp.swift */ = {isa = PBXFileReference; lastKnownFileType = sourcecode.swift; path = Real_ChessApp.swift; sourceTree = "<group>"; };
		F4D0731A257AAD8A006A9ACB /* ContentView.swift */ = {isa = PBXFileReference; lastKnownFileType = sourcecode.swift; path = ContentView.swift; sourceTree = "<group>"; };
		F4D0731C257AAD8C006A9ACB /* Assets.xcassets */ = {isa = PBXFileReference; lastKnownFileType = folder.assetcatalog; path = Assets.xcassets; sourceTree = "<group>"; };
		F4D0731F257AAD8C006A9ACB /* Preview Assets.xcassets */ = {isa = PBXFileReference; lastKnownFileType = folder.assetcatalog; path = "Preview Assets.xcassets"; sourceTree = "<group>"; };
		F4D07321257AAD8C006A9ACB /* Info.plist */ = {isa = PBXFileReference; lastKnownFileType = text.plist.xml; path = Info.plist; sourceTree = "<group>"; };
		F4D07328257AAE46006A9ACB /* PlayerColor.swift */ = {isa = PBXFileReference; lastKnownFileType = sourcecode.swift; path = PlayerColor.swift; sourceTree = "<group>"; };
		F4D0732B257AAE7A006A9ACB /* Letter.swift */ = {isa = PBXFileReference; lastKnownFileType = sourcecode.swift; path = Letter.swift; sourceTree = "<group>"; };
		F4D0732E257AAF21006A9ACB /* Pawn.swift */ = {isa = PBXFileReference; lastKnownFileType = sourcecode.swift; path = Pawn.swift; sourceTree = "<group>"; };
		F4D07332257AAF70006A9ACB /* Point.swift */ = {isa = PBXFileReference; lastKnownFileType = sourcecode.swift; path = Point.swift; sourceTree = "<group>"; };
		F4D07335257AAFB3006A9ACB /* Figure.swift */ = {isa = PBXFileReference; lastKnownFileType = sourcecode.swift; path = Figure.swift; sourceTree = "<group>"; };
		F4D07339257AB017006A9ACB /* King.swift */ = {isa = PBXFileReference; lastKnownFileType = sourcecode.swift; path = King.swift; sourceTree = "<group>"; };
		F4D0733C257AB031006A9ACB /* Queen.swift */ = {isa = PBXFileReference; lastKnownFileType = sourcecode.swift; path = Queen.swift; sourceTree = "<group>"; };
		F4D0733F257AB049006A9ACB /* Bishop.swift */ = {isa = PBXFileReference; lastKnownFileType = sourcecode.swift; path = Bishop.swift; sourceTree = "<group>"; };
		F4D07342257AB05C006A9ACB /* Knight.swift */ = {isa = PBXFileReference; lastKnownFileType = sourcecode.swift; path = Knight.swift; sourceTree = "<group>"; };
		F4D07345257AB079006A9ACB /* Tower.swift */ = {isa = PBXFileReference; lastKnownFileType = sourcecode.swift; path = Tower.swift; sourceTree = "<group>"; };
		F4D07348257AB09D006A9ACB /* BoardController.swift */ = {isa = PBXFileReference; lastKnownFileType = sourcecode.swift; path = BoardController.swift; sourceTree = "<group>"; };
		F4D0734F257AB124006A9ACB /* Real_ChessTests.xctest */ = {isa = PBXFileReference; explicitFileType = wrapper.cfbundle; includeInIndex = 0; path = Real_ChessTests.xctest; sourceTree = BUILT_PRODUCTS_DIR; };
		F4D07351257AB124006A9ACB /* Real_ChessTests.swift */ = {isa = PBXFileReference; lastKnownFileType = sourcecode.swift; path = Real_ChessTests.swift; sourceTree = "<group>"; };
		F4D07353257AB124006A9ACB /* Info.plist */ = {isa = PBXFileReference; lastKnownFileType = text.plist.xml; path = Info.plist; sourceTree = "<group>"; };
		F4D0735B257AB16A006A9ACB /* PawnWhite_Test.swift */ = {isa = PBXFileReference; lastKnownFileType = sourcecode.swift; path = PawnWhite_Test.swift; sourceTree = "<group>"; };
		F4D07361257AB8C8006A9ACB /* King_Test.swift */ = {isa = PBXFileReference; lastKnownFileType = sourcecode.swift; path = King_Test.swift; sourceTree = "<group>"; };
		F4D07365257ABA4F006A9ACB /* temporaryh.swift */ = {isa = PBXFileReference; lastKnownFileType = sourcecode.swift; path = temporaryh.swift; sourceTree = "<group>"; };
		F4D07369257ABEC5006A9ACB /* Tower_Test.swift */ = {isa = PBXFileReference; lastKnownFileType = sourcecode.swift; path = Tower_Test.swift; sourceTree = "<group>"; };
		F4D0736F257AC04E006A9ACB /* Board_Test.swift */ = {isa = PBXFileReference; lastKnownFileType = sourcecode.swift; path = Board_Test.swift; sourceTree = "<group>"; };
		F4D07373257FF5D3006A9ACB /* Bishop_Test.swift */ = {isa = PBXFileReference; lastKnownFileType = sourcecode.swift; path = Bishop_Test.swift; sourceTree = "<group>"; };
/* End PBXFileReference section */

/* Begin PBXFrameworksBuildPhase section */
		F4D07312257AAD8A006A9ACB /* Frameworks */ = {
			isa = PBXFrameworksBuildPhase;
			buildActionMask = 2147483647;
			files = (
			);
			runOnlyForDeploymentPostprocessing = 0;
		};
		F4D0734C257AB124006A9ACB /* Frameworks */ = {
			isa = PBXFrameworksBuildPhase;
			buildActionMask = 2147483647;
			files = (
			);
			runOnlyForDeploymentPostprocessing = 0;
		};
/* End PBXFrameworksBuildPhase section */

/* Begin PBXGroup section */
		F425E9222601389E00B0431B /* figures */ = {
			isa = PBXGroup;
			children = (
				F4D0732E257AAF21006A9ACB /* Pawn.swift */,
				F4D0733F257AB049006A9ACB /* Bishop.swift */,
				F4D07342257AB05C006A9ACB /* Knight.swift */,
				F4D07339257AB017006A9ACB /* King.swift */,
				F4D0733C257AB031006A9ACB /* Queen.swift */,
				F4D07345257AB079006A9ACB /* Tower.swift */,
			);
			path = figures;
			sourceTree = "<group>";
		};
		F4D0730C257AAD8A006A9ACB = {
			isa = PBXGroup;
			children = (
				F4D07317257AAD8A006A9ACB /* Real_Chess */,
				F4D07350257AB124006A9ACB /* Real_ChessTests */,
				F4D07316257AAD8A006A9ACB /* Products */,
			);
			sourceTree = "<group>";
		};
		F4D07316257AAD8A006A9ACB /* Products */ = {
			isa = PBXGroup;
			children = (
				F4D07315257AAD8A006A9ACB /* Real_Chess.app */,
				F4D0734F257AB124006A9ACB /* Real_ChessTests.xctest */,
			);
			name = Products;
			sourceTree = "<group>";
		};
		F4D07317257AAD8A006A9ACB /* Real_Chess */ = {
			isa = PBXGroup;
			children = (
				F4D07318257AAD8A006A9ACB /* Real_ChessApp.swift */,
				F4D0731A257AAD8A006A9ACB /* ContentView.swift */,
				F4D0731C257AAD8C006A9ACB /* Assets.xcassets */,
				F4D07321257AAD8C006A9ACB /* Info.plist */,
				F4D0731E257AAD8C006A9ACB /* Preview Content */,
				F4D07328257AAE46006A9ACB /* PlayerColor.swift */,
				F4D0732B257AAE7A006A9ACB /* Letter.swift */,
				F4D07335257AAFB3006A9ACB /* Figure.swift */,
				F425E9222601389E00B0431B /* figures */,
				F4D07332257AAF70006A9ACB /* Point.swift */,
				F4D07348257AB09D006A9ACB /* BoardController.swift */,
				F4CDF0E026543250004F3BA2 /*  Ai.swift */,
				F4CDF0D8264C449A004F3BA2 /* BoardData.swift */,
				F47D887825E9716F00B81DE2 /* Player.swift */,
				8D77A27325F2ABCB002D2922 /* Helper.swift */,
				F48CDF86260E63F200A7CEEA /* HodResult.swift */,
				8DD2211725CDD8F3008E1DE2 /* GameController.swift */,
			);
			path = Real_Chess;
			sourceTree = "<group>";
		};
		F4D0731E257AAD8C006A9ACB /* Preview Content */ = {
			isa = PBXGroup;
			children = (
				F4D0731F257AAD8C006A9ACB /* Preview Assets.xcassets */,
			);
			path = "Preview Content";
			sourceTree = "<group>";
		};
		F4D07350257AB124006A9ACB /* Real_ChessTests */ = {
			isa = PBXGroup;
			children = (
				F4D07351257AB124006A9ACB /* Real_ChessTests.swift */,
				F4D0735B257AB16A006A9ACB /* PawnWhite_Test.swift */,
				F4C4EECE25FBED1300DF54DE /* PawnBlack_Test.swift */,
				F4D07361257AB8C8006A9ACB /* King_Test.swift */,
				F4D07369257ABEC5006A9ACB /* Tower_Test.swift */,
				F4D07373257FF5D3006A9ACB /* Bishop_Test.swift */,
				F4D07365257ABA4F006A9ACB /* temporaryh.swift */,
				F455194C25926B18001290DC /* Knight_Test.swift */,
				F4D0736F257AC04E006A9ACB /* Board_Test.swift */,
				F4D07353257AB124006A9ACB /* Info.plist */,
				B4B7797686C496910C017A2C /* Queen_Test.swift */,
			);
			path = Real_ChessTests;
			sourceTree = "<group>";
		};
/* End PBXGroup section */

/* Begin PBXNativeTarget section */
		F4D07314257AAD8A006A9ACB /* Real_Chess */ = {
			isa = PBXNativeTarget;
			buildConfigurationList = F4D07324257AAD8C006A9ACB /* Build configuration list for PBXNativeTarget "Real_Chess" */;
			buildPhases = (
				F4D07311257AAD8A006A9ACB /* Sources */,
				F4D07312257AAD8A006A9ACB /* Frameworks */,
				F4D07313257AAD8A006A9ACB /* Resources */,
			);
			buildRules = (
			);
			dependencies = (
			);
			name = Real_Chess;
			productName = Real_Chess;
			productReference = F4D07315257AAD8A006A9ACB /* Real_Chess.app */;
			productType = "com.apple.product-type.application";
		};
		F4D0734E257AB124006A9ACB /* Real_ChessTests */ = {
			isa = PBXNativeTarget;
			buildConfigurationList = F4D07356257AB124006A9ACB /* Build configuration list for PBXNativeTarget "Real_ChessTests" */;
			buildPhases = (
				F4D0734B257AB124006A9ACB /* Sources */,
				F4D0734C257AB124006A9ACB /* Frameworks */,
				F4D0734D257AB124006A9ACB /* Resources */,
			);
			buildRules = (
			);
			dependencies = (
				F4D07355257AB124006A9ACB /* PBXTargetDependency */,
			);
			name = Real_ChessTests;
			productName = Real_ChessTests;
			productReference = F4D0734F257AB124006A9ACB /* Real_ChessTests.xctest */;
			productType = "com.apple.product-type.bundle.unit-test";
		};
/* End PBXNativeTarget section */

/* Begin PBXProject section */
		F4D0730D257AAD8A006A9ACB /* Project object */ = {
			isa = PBXProject;
			attributes = {
				LastSwiftUpdateCheck = 1200;
				LastUpgradeCheck = 1200;
				TargetAttributes = {
					F4D07314257AAD8A006A9ACB = {
						CreatedOnToolsVersion = 12.0;
					};
					F4D0734E257AB124006A9ACB = {
						CreatedOnToolsVersion = 12.0;
						TestTargetID = F4D07314257AAD8A006A9ACB;
					};
				};
			};
			buildConfigurationList = F4D07310257AAD8A006A9ACB /* Build configuration list for PBXProject "Real_Chess" */;
			compatibilityVersion = "Xcode 9.3";
			developmentRegion = en;
			hasScannedForEncodings = 0;
			knownRegions = (
				en,
				Base,
			);
			mainGroup = F4D0730C257AAD8A006A9ACB;
			productRefGroup = F4D07316257AAD8A006A9ACB /* Products */;
			projectDirPath = "";
			projectRoot = "";
			targets = (
				F4D07314257AAD8A006A9ACB /* Real_Chess */,
				F4D0734E257AB124006A9ACB /* Real_ChessTests */,
			);
		};
/* End PBXProject section */

/* Begin PBXResourcesBuildPhase section */
		F4D07313257AAD8A006A9ACB /* Resources */ = {
			isa = PBXResourcesBuildPhase;
			buildActionMask = 2147483647;
			files = (
				F4D07320257AAD8C006A9ACB /* Preview Assets.xcassets in Resources */,
				F4D0731D257AAD8C006A9ACB /* Assets.xcassets in Resources */,
			);
			runOnlyForDeploymentPostprocessing = 0;
		};
		F4D0734D257AB124006A9ACB /* Resources */ = {
			isa = PBXResourcesBuildPhase;
			buildActionMask = 2147483647;
			files = (
			);
			runOnlyForDeploymentPostprocessing = 0;
		};
/* End PBXResourcesBuildPhase section */

/* Begin PBXSourcesBuildPhase section */
		F4D07311257AAD8A006A9ACB /* Sources */ = {
			isa = PBXSourcesBuildPhase;
			buildActionMask = 2147483647;
			files = (
				F48CDF87260E63F200A7CEEA /* HodResult.swift in Sources */,
				F4D0731B257AAD8A006A9ACB /* ContentView.swift in Sources */,
				F4D07319257AAD8A006A9ACB /* Real_ChessApp.swift in Sources */,
				F4D07336257AAFB3006A9ACB /* Figure.swift in Sources */,
				F4D07346257AB079006A9ACB /* Tower.swift in Sources */,
				F4D0733D257AB031006A9ACB /* Queen.swift in Sources */,
				F4D07333257AAF70006A9ACB /* Point.swift in Sources */,
				F4CDF0E126543250004F3BA2 /*  Ai.swift in Sources */,
				F4D07349257AB09D006A9ACB /* BoardController.swift in Sources */,
				8D77A27425F2ABCB002D2922 /* Helper.swift in Sources */,
				F4D07329257AAE46006A9ACB /* PlayerColor.swift in Sources */,
				F4D07340257AB049006A9ACB /* Bishop.swift in Sources */,
				8DD2211825CDD8F3008E1DE2 /* GameController.swift in Sources */,
				F4D0732C257AAE7A006A9ACB /* Letter.swift in Sources */,
				F4D0733A257AB017006A9ACB /* King.swift in Sources */,
				F4CDF0D9264C449A004F3BA2 /* BoardData.swift in Sources */,
				F4D07343257AB05C006A9ACB /* Knight.swift in Sources */,
				F47D887925E9716F00B81DE2 /* Player.swift in Sources */,
				F4D0732F257AAF21006A9ACB /* Pawn.swift in Sources */,
			);
			runOnlyForDeploymentPostprocessing = 0;
		};
		F4D0734B257AB124006A9ACB /* Sources */ = {
			isa = PBXSourcesBuildPhase;
			buildActionMask = 2147483647;
			files = (
				F4D0736A257ABEC5006A9ACB /* Tower_Test.swift in Sources */,
				F455194D25926B18001290DC /* Knight_Test.swift in Sources */,
				F4D07352257AB124006A9ACB /* Real_ChessTests.swift in Sources */,
				F4D07370257AC04E006A9ACB /* Board_Test.swift in Sources */,
				F4D07362257AB8C8006A9ACB /* King_Test.swift in Sources */,
				F4D07374257FF5D3006A9ACB /* Bishop_Test.swift in Sources */,
				F4D07366257ABA4F006A9ACB /* temporaryh.swift in Sources */,
				F4C4EECF25FBED1300DF54DE /* PawnBlack_Test.swift in Sources */,
				F4D0735C257AB16A006A9ACB /* PawnWhite_Test.swift in Sources */,
				B4B772CF0AD0157A4FC42B4A /* Queen_Test.swift in Sources */,
			);
			runOnlyForDeploymentPostprocessing = 0;
		};
/* End PBXSourcesBuildPhase section */

/* Begin PBXTargetDependency section */
		F4D07355257AB124006A9ACB /* PBXTargetDependency */ = {
			isa = PBXTargetDependency;
			target = F4D07314257AAD8A006A9ACB /* Real_Chess */;
			targetProxy = F4D07354257AB124006A9ACB /* PBXContainerItemProxy */;
		};
/* End PBXTargetDependency section */

/* Begin XCBuildConfiguration section */
		F4D07322257AAD8C006A9ACB /* Debug */ = {
			isa = XCBuildConfiguration;
			buildSettings = {
				ALWAYS_SEARCH_USER_PATHS = NO;
				CLANG_ANALYZER_NONNULL = YES;
				CLANG_ANALYZER_NUMBER_OBJECT_CONVERSION = YES_AGGRESSIVE;
				CLANG_CXX_LANGUAGE_STANDARD = "gnu++14";
				CLANG_CXX_LIBRARY = "libc++";
				CLANG_ENABLE_MODULES = YES;
				CLANG_ENABLE_OBJC_ARC = YES;
				CLANG_ENABLE_OBJC_WEAK = YES;
				CLANG_WARN_BLOCK_CAPTURE_AUTORELEASING = YES;
				CLANG_WARN_BOOL_CONVERSION = YES;
				CLANG_WARN_COMMA = YES;
				CLANG_WARN_CONSTANT_CONVERSION = YES;
				CLANG_WARN_DEPRECATED_OBJC_IMPLEMENTATIONS = YES;
				CLANG_WARN_DIRECT_OBJC_ISA_USAGE = YES_ERROR;
				CLANG_WARN_DOCUMENTATION_COMMENTS = YES;
				CLANG_WARN_EMPTY_BODY = YES;
				CLANG_WARN_ENUM_CONVERSION = YES;
				CLANG_WARN_INFINITE_RECURSION = YES;
				CLANG_WARN_INT_CONVERSION = YES;
				CLANG_WARN_NON_LITERAL_NULL_CONVERSION = YES;
				CLANG_WARN_OBJC_IMPLICIT_RETAIN_SELF = YES;
				CLANG_WARN_OBJC_LITERAL_CONVERSION = YES;
				CLANG_WARN_OBJC_ROOT_CLASS = YES_ERROR;
				CLANG_WARN_QUOTED_INCLUDE_IN_FRAMEWORK_HEADER = YES;
				CLANG_WARN_RANGE_LOOP_ANALYSIS = YES;
				CLANG_WARN_STRICT_PROTOTYPES = YES;
				CLANG_WARN_SUSPICIOUS_MOVE = YES;
				CLANG_WARN_UNGUARDED_AVAILABILITY = YES_AGGRESSIVE;
				CLANG_WARN_UNREACHABLE_CODE = YES;
				CLANG_WARN__DUPLICATE_METHOD_MATCH = YES;
				COPY_PHASE_STRIP = NO;
				DEBUG_INFORMATION_FORMAT = dwarf;
				ENABLE_STRICT_OBJC_MSGSEND = YES;
				ENABLE_TESTABILITY = YES;
				GCC_C_LANGUAGE_STANDARD = gnu11;
				GCC_DYNAMIC_NO_PIC = NO;
				GCC_NO_COMMON_BLOCKS = YES;
				GCC_OPTIMIZATION_LEVEL = 0;
				GCC_PREPROCESSOR_DEFINITIONS = (
					"DEBUG=1",
					"$(inherited)",
				);
				GCC_WARN_64_TO_32_BIT_CONVERSION = YES;
				GCC_WARN_ABOUT_RETURN_TYPE = YES_ERROR;
				GCC_WARN_UNDECLARED_SELECTOR = YES;
				GCC_WARN_UNINITIALIZED_AUTOS = YES_AGGRESSIVE;
				GCC_WARN_UNUSED_FUNCTION = YES;
				GCC_WARN_UNUSED_VARIABLE = YES;
				IPHONEOS_DEPLOYMENT_TARGET = 14.0;
				MTL_ENABLE_DEBUG_INFO = INCLUDE_SOURCE;
				MTL_FAST_MATH = YES;
				ONLY_ACTIVE_ARCH = YES;
				SDKROOT = iphoneos;
				SWIFT_ACTIVE_COMPILATION_CONDITIONS = DEBUG;
				SWIFT_OPTIMIZATION_LEVEL = "-Onone";
			};
			name = Debug;
		};
		F4D07323257AAD8C006A9ACB /* Release */ = {
			isa = XCBuildConfiguration;
			buildSettings = {
				ALWAYS_SEARCH_USER_PATHS = NO;
				CLANG_ANALYZER_NONNULL = YES;
				CLANG_ANALYZER_NUMBER_OBJECT_CONVERSION = YES_AGGRESSIVE;
				CLANG_CXX_LANGUAGE_STANDARD = "gnu++14";
				CLANG_CXX_LIBRARY = "libc++";
				CLANG_ENABLE_MODULES = YES;
				CLANG_ENABLE_OBJC_ARC = YES;
				CLANG_ENABLE_OBJC_WEAK = YES;
				CLANG_WARN_BLOCK_CAPTURE_AUTORELEASING = YES;
				CLANG_WARN_BOOL_CONVERSION = YES;
				CLANG_WARN_COMMA = YES;
				CLANG_WARN_CONSTANT_CONVERSION = YES;
				CLANG_WARN_DEPRECATED_OBJC_IMPLEMENTATIONS = YES;
				CLANG_WARN_DIRECT_OBJC_ISA_USAGE = YES_ERROR;
				CLANG_WARN_DOCUMENTATION_COMMENTS = YES;
				CLANG_WARN_EMPTY_BODY = YES;
				CLANG_WARN_ENUM_CONVERSION = YES;
				CLANG_WARN_INFINITE_RECURSION = YES;
				CLANG_WARN_INT_CONVERSION = YES;
				CLANG_WARN_NON_LITERAL_NULL_CONVERSION = YES;
				CLANG_WARN_OBJC_IMPLICIT_RETAIN_SELF = YES;
				CLANG_WARN_OBJC_LITERAL_CONVERSION = YES;
				CLANG_WARN_OBJC_ROOT_CLASS = YES_ERROR;
				CLANG_WARN_QUOTED_INCLUDE_IN_FRAMEWORK_HEADER = YES;
				CLANG_WARN_RANGE_LOOP_ANALYSIS = YES;
				CLANG_WARN_STRICT_PROTOTYPES = YES;
				CLANG_WARN_SUSPICIOUS_MOVE = YES;
				CLANG_WARN_UNGUARDED_AVAILABILITY = YES_AGGRESSIVE;
				CLANG_WARN_UNREACHABLE_CODE = YES;
				CLANG_WARN__DUPLICATE_METHOD_MATCH = YES;
				COPY_PHASE_STRIP = NO;
				DEBUG_INFORMATION_FORMAT = "dwarf-with-dsym";
				ENABLE_NS_ASSERTIONS = NO;
				ENABLE_STRICT_OBJC_MSGSEND = YES;
				GCC_C_LANGUAGE_STANDARD = gnu11;
				GCC_NO_COMMON_BLOCKS = YES;
				GCC_WARN_64_TO_32_BIT_CONVERSION = YES;
				GCC_WARN_ABOUT_RETURN_TYPE = YES_ERROR;
				GCC_WARN_UNDECLARED_SELECTOR = YES;
				GCC_WARN_UNINITIALIZED_AUTOS = YES_AGGRESSIVE;
				GCC_WARN_UNUSED_FUNCTION = YES;
				GCC_WARN_UNUSED_VARIABLE = YES;
				IPHONEOS_DEPLOYMENT_TARGET = 14.0;
				MTL_ENABLE_DEBUG_INFO = NO;
				MTL_FAST_MATH = YES;
				SDKROOT = iphoneos;
				SWIFT_COMPILATION_MODE = wholemodule;
				SWIFT_OPTIMIZATION_LEVEL = "-O";
				VALIDATE_PRODUCT = YES;
			};
			name = Release;
		};
		F4D07325257AAD8C006A9ACB /* Debug */ = {
			isa = XCBuildConfiguration;
			buildSettings = {
				ASSETCATALOG_COMPILER_APPICON_NAME = AppIcon;
				ASSETCATALOG_COMPILER_GLOBAL_ACCENT_COLOR_NAME = AccentColor;
				CODE_SIGN_STYLE = Automatic;
				DEVELOPMENT_ASSET_PATHS = "\"Real_Chess/Preview Content\"";
				DEVELOPMENT_TEAM = 937Z85WSRL;
				ENABLE_PREVIEWS = YES;
				INFOPLIST_FILE = Real_Chess/Info.plist;
				IPHONEOS_DEPLOYMENT_TARGET = 14.0;
				LD_RUNPATH_SEARCH_PATHS = (
					"$(inherited)",
					"@executable_path/Frameworks",
				);
				PRODUCT_BUNDLE_IDENTIFIER = "aleonov.Real-Chess";
				PRODUCT_NAME = "$(TARGET_NAME)";
				SWIFT_VERSION = 5.0;
				TARGETED_DEVICE_FAMILY = "1,2";
			};
			name = Debug;
		};
		F4D07326257AAD8C006A9ACB /* Release */ = {
			isa = XCBuildConfiguration;
			buildSettings = {
				ASSETCATALOG_COMPILER_APPICON_NAME = AppIcon;
				ASSETCATALOG_COMPILER_GLOBAL_ACCENT_COLOR_NAME = AccentColor;
				CODE_SIGN_STYLE = Automatic;
				DEVELOPMENT_ASSET_PATHS = "\"Real_Chess/Preview Content\"";
				DEVELOPMENT_TEAM = 937Z85WSRL;
				ENABLE_PREVIEWS = YES;
				INFOPLIST_FILE = Real_Chess/Info.plist;
				IPHONEOS_DEPLOYMENT_TARGET = 14.0;
				LD_RUNPATH_SEARCH_PATHS = (
					"$(inherited)",
					"@executable_path/Frameworks",
				);
				PRODUCT_BUNDLE_IDENTIFIER = "aleonov.Real-Chess";
				PRODUCT_NAME = "$(TARGET_NAME)";
				SWIFT_VERSION = 5.0;
				TARGETED_DEVICE_FAMILY = "1,2";
			};
			name = Release;
		};
		F4D07357257AB124006A9ACB /* Debug */ = {
			isa = XCBuildConfiguration;
			buildSettings = {
				BUNDLE_LOADER = "$(TEST_HOST)";
				CODE_SIGN_STYLE = Automatic;
				INFOPLIST_FILE = Real_ChessTests/Info.plist;
				LD_RUNPATH_SEARCH_PATHS = (
					"$(inherited)",
					"@executable_path/Frameworks",
					"@loader_path/Frameworks",
				);
				PRODUCT_BUNDLE_IDENTIFIER = "aleonov.Real-ChessTests";
				PRODUCT_NAME = "$(TARGET_NAME)";
				SWIFT_VERSION = 5.0;
				TARGETED_DEVICE_FAMILY = "1,2";
				TEST_HOST = "$(BUILT_PRODUCTS_DIR)/Real_Chess.app/Real_Chess";
			};
			name = Debug;
		};
		F4D07358257AB124006A9ACB /* Release */ = {
			isa = XCBuildConfiguration;
			buildSettings = {
				BUNDLE_LOADER = "$(TEST_HOST)";
				CODE_SIGN_STYLE = Automatic;
				INFOPLIST_FILE = Real_ChessTests/Info.plist;
				LD_RUNPATH_SEARCH_PATHS = (
					"$(inherited)",
					"@executable_path/Frameworks",
					"@loader_path/Frameworks",
				);
				PRODUCT_BUNDLE_IDENTIFIER = "aleonov.Real-ChessTests";
				PRODUCT_NAME = "$(TARGET_NAME)";
				SWIFT_VERSION = 5.0;
				TARGETED_DEVICE_FAMILY = "1,2";
				TEST_HOST = "$(BUILT_PRODUCTS_DIR)/Real_Chess.app/Real_Chess";
			};
			name = Release;
		};
/* End XCBuildConfiguration section */

/* Begin XCConfigurationList section */
		F4D07310257AAD8A006A9ACB /* Build configuration list for PBXProject "Real_Chess" */ = {
			isa = XCConfigurationList;
			buildConfigurations = (
				F4D07322257AAD8C006A9ACB /* Debug */,
				F4D07323257AAD8C006A9ACB /* Release */,
			);
			defaultConfigurationIsVisible = 0;
			defaultConfigurationName = Release;
		};
		F4D07324257AAD8C006A9ACB /* Build configuration list for PBXNativeTarget "Real_Chess" */ = {
			isa = XCConfigurationList;
			buildConfigurations = (
				F4D07325257AAD8C006A9ACB /* Debug */,
				F4D07326257AAD8C006A9ACB /* Release */,
			);
			defaultConfigurationIsVisible = 0;
			defaultConfigurationName = Release;
		};
		F4D07356257AB124006A9ACB /* Build configuration list for PBXNativeTarget "Real_ChessTests" */ = {
			isa = XCConfigurationList;
			buildConfigurations = (
				F4D07357257AB124006A9ACB /* Debug */,
				F4D07358257AB124006A9ACB /* Release */,
			);
			defaultConfigurationIsVisible = 0;
			defaultConfigurationName = Release;
		};
/* End XCConfigurationList section */
	};
	rootObject = F4D0730D257AAD8A006A9ACB /* Project object */;
}
